
Microsoft Visual Studio Solution File, Format Version 12.00
# Visual Studio Version 16
VisualStudioVersion = 16.0.30002.166
MinimumVisualStudioVersion = 10.0.40219.1
Project("{FAE04EC0-301F-11D3-BF4B-00C04F79EFBC}") = "WCFInstancingDemoClient", "WCFInstancingDemoClient\WCFInstancingDemoClient.csproj", "{EA798F15-11A5-4C8A-8BB5-3D71D5401A87}"
EndProject
Project("{FAE04EC0-301F-11D3-BF4B-00C04F79EFBC}") = "WCFInstancingDemoWinClient", "WCFInstancingDemoWinClient\WCFInstancingDemoWinClient.csproj", "{3AD509B4-4567-4496-B900-BF8F3D6040C5}"
EndProject
Global
	GlobalSection(SolutionConfigurationPlatforms) = preSolution
		Debug|Any CPU = Debug|Any CPU
		Release|Any CPU = Release|Any CPU
	EndGlobalSection
	GlobalSection(ProjectConfigurationPlatforms) = postSolution
		{EA798F15-11A5-4C8A-8BB5-3D71D5401A87}.Debug|Any CPU.ActiveCfg = Debug|Any CPU
		{EA798F15-11A5-4C8A-8BB5-3D71D5401A87}.Debug|Any CPU.Build.0 = Debug|Any CPU
		{EA798F15-11A5-4C8A-8BB5-3D71D5401A87}.Release|Any CPU.ActiveCfg = Release|Any CPU
		{EA798F15-11A5-4C8A-8BB5-3D71D5401A87}.Release|Any CPU.Build.0 = Release|Any CPU
		{3AD509B4-4567-4496-B900-BF8F3D6040C5}.Debug|Any CPU.ActiveCfg = Debug|Any CPU
		{3AD509B4-4567-4496-B900-BF8F3D6040C5}.Debug|Any CPU.Build.0 = Debug|Any CPU
		{3AD509B4-4567-4496-B900-BF8F3D6040C5}.Release|Any CPU.ActiveCfg = Release|Any CPU
		{3AD509B4-4567-4496-B900-BF8F3D6040C5}.Release|Any CPU.Build.0 = Release|Any CPU
	EndGlobalSection
	GlobalSection(SolutionProperties) = preSolution
		HideSolutionNode = FALSE
	EndGlobalSection
	GlobalSection(ExtensibilityGlobals) = postSolution
		SolutionGuid = {0620BA8B-B65F-4AF1-8ADC-E50CEDE15AC9}
	EndGlobalSection
EndGlobal
