
Microsoft Visual Studio Solution File, Format Version 12.00
# Visual Studio Version 16
VisualStudioVersion = 16.0.29905.134
MinimumVisualStudioVersion = 10.0.40219.1
Project("{FAE04EC0-301F-11D3-BF4B-00C04F79EFBC}") = "ADODatabaseDemo", "ADODatabaseDemo\ADODatabaseDemo.csproj", "{EBEE3F7A-0B4B-4CB9-9BB0-25DBFC8A40DE}"
EndProject
Global
	GlobalSection(SolutionConfigurationPlatforms) = preSolution
		Debug|Any CPU = Debug|Any CPU
		Release|Any CPU = Release|Any CPU
	EndGlobalSection
	GlobalSection(ProjectConfigurationPlatforms) = postSolution
		{EBEE3F7A-0B4B-4CB9-9BB0-25DBFC8A40DE}.Debug|Any CPU.ActiveCfg = Debug|Any CPU
		{EBEE3F7A-0B4B-4CB9-9BB0-25DBFC8A40DE}.Debug|Any CPU.Build.0 = Debug|Any CPU
		{EBEE3F7A-0B4B-4CB9-9BB0-25DBFC8A40DE}.Release|Any CPU.ActiveCfg = Release|Any CPU
		{EBEE3F7A-0B4B-4CB9-9BB0-25DBFC8A40DE}.Release|Any CPU.Build.0 = Release|Any CPU
	EndGlobalSection
	GlobalSection(SolutionProperties) = preSolution
		HideSolutionNode = FALSE
	EndGlobalSection
	GlobalSection(ExtensibilityGlobals) = postSolution
		SolutionGuid = {CCAD8248-C9B7-4059-BA3E-154CBD198CD6}
	EndGlobalSection
EndGlobal
