
Microsoft Visual Studio Solution File, Format Version 12.00
# Visual Studio Version 16
VisualStudioVersion = 16.0.29911.84
MinimumVisualStudioVersion = 10.0.40219.1
Project("{FAE04EC0-301F-11D3-BF4B-00C04F79EFBC}") = "CustomFaultDemoService", "CustomFaultDemoService\CustomFaultDemoService.csproj", "{6019D14A-16C4-4FBF-A3E1-F9019F224D5B}"
EndProject
Project("{FAE04EC0-301F-11D3-BF4B-00C04F79EFBC}") = "CustomeFaultDemoHost", "CustomeFaultDemoHost\CustomeFaultDemoHost.csproj", "{C07F952C-E34E-46B9-A6EB-440A6D3EBDCB}"
EndProject
Global
	GlobalSection(SolutionConfigurationPlatforms) = preSolution
		Debug|Any CPU = Debug|Any CPU
		Release|Any CPU = Release|Any CPU
	EndGlobalSection
	GlobalSection(ProjectConfigurationPlatforms) = postSolution
		{6019D14A-16C4-4FBF-A3E1-F9019F224D5B}.Debug|Any CPU.ActiveCfg = Debug|Any CPU
		{6019D14A-16C4-4FBF-A3E1-F9019F224D5B}.Debug|Any CPU.Build.0 = Debug|Any CPU
		{6019D14A-16C4-4FBF-A3E1-F9019F224D5B}.Release|Any CPU.ActiveCfg = Release|Any CPU
		{6019D14A-16C4-4FBF-A3E1-F9019F224D5B}.Release|Any CPU.Build.0 = Release|Any CPU
		{C07F952C-E34E-46B9-A6EB-440A6D3EBDCB}.Debug|Any CPU.ActiveCfg = Debug|Any CPU
		{C07F952C-E34E-46B9-A6EB-440A6D3EBDCB}.Debug|Any CPU.Build.0 = Debug|Any CPU
		{C07F952C-E34E-46B9-A6EB-440A6D3EBDCB}.Release|Any CPU.ActiveCfg = Release|Any CPU
		{C07F952C-E34E-46B9-A6EB-440A6D3EBDCB}.Release|Any CPU.Build.0 = Release|Any CPU
	EndGlobalSection
	GlobalSection(SolutionProperties) = preSolution
		HideSolutionNode = FALSE
	EndGlobalSection
	GlobalSection(ExtensibilityGlobals) = postSolution
		SolutionGuid = {725DBBC2-BB9D-4D13-B697-1FA2631383EA}
	EndGlobalSection
EndGlobal
