
Microsoft Visual Studio Solution File, Format Version 12.00
# Visual Studio Version 16
VisualStudioVersion = 16.0.29911.84
MinimumVisualStudioVersion = 10.0.40219.1
Project("{FAE04EC0-301F-11D3-BF4B-00C04F79EFBC}") = "WcfClassLibrary", "WcfClassLibrary\WcfClassLibrary.csproj", "{76B81641-8546-476C-9A16-4612E0574D37}"
EndProject
Project("{FAE04EC0-301F-11D3-BF4B-00C04F79EFBC}") = "WcfClassLibraryWindowsHost", "WcfWindowsHost\WcfClassLibraryWindowsHost.csproj", "{AD157790-CEAA-4DA0-A16A-6221D56FDB20}"
EndProject
Project("{FAE04EC0-301F-11D3-BF4B-00C04F79EFBC}") = "WcfClassLibraryWiindowsclient", "WcfClassLibraryWiindowsclient\WcfClassLibraryWiindowsclient.csproj", "{98CA9C1A-CFCE-4C0B-9A19-FBB8A6C98034}"
EndProject
Global
	GlobalSection(SolutionConfigurationPlatforms) = preSolution
		Debug|Any CPU = Debug|Any CPU
		Release|Any CPU = Release|Any CPU
	EndGlobalSection
	GlobalSection(ProjectConfigurationPlatforms) = postSolution
		{76B81641-8546-476C-9A16-4612E0574D37}.Debug|Any CPU.ActiveCfg = Debug|Any CPU
		{76B81641-8546-476C-9A16-4612E0574D37}.Debug|Any CPU.Build.0 = Debug|Any CPU
		{76B81641-8546-476C-9A16-4612E0574D37}.Release|Any CPU.ActiveCfg = Release|Any CPU
		{76B81641-8546-476C-9A16-4612E0574D37}.Release|Any CPU.Build.0 = Release|Any CPU
		{AD157790-CEAA-4DA0-A16A-6221D56FDB20}.Debug|Any CPU.ActiveCfg = Debug|Any CPU
		{AD157790-CEAA-4DA0-A16A-6221D56FDB20}.Debug|Any CPU.Build.0 = Debug|Any CPU
		{AD157790-CEAA-4DA0-A16A-6221D56FDB20}.Release|Any CPU.ActiveCfg = Release|Any CPU
		{AD157790-CEAA-4DA0-A16A-6221D56FDB20}.Release|Any CPU.Build.0 = Release|Any CPU
		{98CA9C1A-CFCE-4C0B-9A19-FBB8A6C98034}.Debug|Any CPU.ActiveCfg = Debug|Any CPU
		{98CA9C1A-CFCE-4C0B-9A19-FBB8A6C98034}.Debug|Any CPU.Build.0 = Debug|Any CPU
		{98CA9C1A-CFCE-4C0B-9A19-FBB8A6C98034}.Release|Any CPU.ActiveCfg = Release|Any CPU
		{98CA9C1A-CFCE-4C0B-9A19-FBB8A6C98034}.Release|Any CPU.Build.0 = Release|Any CPU
	EndGlobalSection
	GlobalSection(SolutionProperties) = preSolution
		HideSolutionNode = FALSE
	EndGlobalSection
	GlobalSection(ExtensibilityGlobals) = postSolution
		SolutionGuid = {9F2D00A8-B1A2-47A6-A877-97085E99990A}
	EndGlobalSection
EndGlobal
