
Microsoft Visual Studio Solution File, Format Version 12.00
# Visual Studio Version 16
VisualStudioVersion = 16.0.30002.166
MinimumVisualStudioVersion = 10.0.40219.1
Project("{FAE04EC0-301F-11D3-BF4B-00C04F79EFBC}") = "SampleWcfService", "SampleWcfService\SampleWcfService.csproj", "{D0E0C989-852B-47A2-BF0E-D0C6B385FC22}"
EndProject
Project("{FAE04EC0-301F-11D3-BF4B-00C04F79EFBC}") = "SampleWcfServiceHost", "SampleWcfServiceHost\SampleWcfServiceHost.csproj", "{A1A967B6-3EDE-40C2-851E-FB0C3CF79813}"
EndProject
Global
	GlobalSection(SolutionConfigurationPlatforms) = preSolution
		Debug|Any CPU = Debug|Any CPU
		Release|Any CPU = Release|Any CPU
	EndGlobalSection
	GlobalSection(ProjectConfigurationPlatforms) = postSolution
		{D0E0C989-852B-47A2-BF0E-D0C6B385FC22}.Debug|Any CPU.ActiveCfg = Debug|Any CPU
		{D0E0C989-852B-47A2-BF0E-D0C6B385FC22}.Debug|Any CPU.Build.0 = Debug|Any CPU
		{D0E0C989-852B-47A2-BF0E-D0C6B385FC22}.Release|Any CPU.ActiveCfg = Release|Any CPU
		{D0E0C989-852B-47A2-BF0E-D0C6B385FC22}.Release|Any CPU.Build.0 = Release|Any CPU
		{A1A967B6-3EDE-40C2-851E-FB0C3CF79813}.Debug|Any CPU.ActiveCfg = Debug|Any CPU
		{A1A967B6-3EDE-40C2-851E-FB0C3CF79813}.Debug|Any CPU.Build.0 = Debug|Any CPU
		{A1A967B6-3EDE-40C2-851E-FB0C3CF79813}.Release|Any CPU.ActiveCfg = Release|Any CPU
		{A1A967B6-3EDE-40C2-851E-FB0C3CF79813}.Release|Any CPU.Build.0 = Release|Any CPU
	EndGlobalSection
	GlobalSection(SolutionProperties) = preSolution
		HideSolutionNode = FALSE
	EndGlobalSection
	GlobalSection(ExtensibilityGlobals) = postSolution
		SolutionGuid = {9C15A471-4B1F-4035-B283-C0D3896F01C0}
	EndGlobalSection
EndGlobal
