
Microsoft Visual Studio Solution File, Format Version 12.00
# Visual Studio Version 16
VisualStudioVersion = 16.0.29911.84
MinimumVisualStudioVersion = 10.0.40219.1
Project("{FAE04EC0-301F-11D3-BF4B-00C04F79EFBC}") = "EmployeeServiceLibrary", "EmployeeServiceLibrary\EmployeeServiceLibrary.csproj", "{24D1AE62-6885-4164-84A6-C28099D7A59B}"
EndProject
Project("{FAE04EC0-301F-11D3-BF4B-00C04F79EFBC}") = "EmployeeServiceHost", "EmployeeServiceHost\EmployeeServiceHost.csproj", "{117545E6-10FF-4A5F-8B51-443A8655AC50}"
EndProject
Global
	GlobalSection(SolutionConfigurationPlatforms) = preSolution
		Debug|Any CPU = Debug|Any CPU
		Release|Any CPU = Release|Any CPU
	EndGlobalSection
	GlobalSection(ProjectConfigurationPlatforms) = postSolution
		{24D1AE62-6885-4164-84A6-C28099D7A59B}.Debug|Any CPU.ActiveCfg = Debug|Any CPU
		{24D1AE62-6885-4164-84A6-C28099D7A59B}.Debug|Any CPU.Build.0 = Debug|Any CPU
		{24D1AE62-6885-4164-84A6-C28099D7A59B}.Release|Any CPU.ActiveCfg = Release|Any CPU
		{24D1AE62-6885-4164-84A6-C28099D7A59B}.Release|Any CPU.Build.0 = Release|Any CPU
		{117545E6-10FF-4A5F-8B51-443A8655AC50}.Debug|Any CPU.ActiveCfg = Debug|Any CPU
		{117545E6-10FF-4A5F-8B51-443A8655AC50}.Debug|Any CPU.Build.0 = Debug|Any CPU
		{117545E6-10FF-4A5F-8B51-443A8655AC50}.Release|Any CPU.ActiveCfg = Release|Any CPU
		{117545E6-10FF-4A5F-8B51-443A8655AC50}.Release|Any CPU.Build.0 = Release|Any CPU
	EndGlobalSection
	GlobalSection(SolutionProperties) = preSolution
		HideSolutionNode = FALSE
	EndGlobalSection
	GlobalSection(ExtensibilityGlobals) = postSolution
		SolutionGuid = {32DD508B-BD1C-43BA-B78A-288689414BAE}
	EndGlobalSection
EndGlobal
